
Microsoft Visual Studio Solution File, Format Version 12.00
# Visual Studio 15
Project("{FAE04EC0-301F-11D3-BF4B-00C04F79EFBC}") = "Assembly-CSharp", "Assembly-CSharp.csproj", "{945F8585-5557-1832-DE23-F08D858A1EB4}"
EndProject
Project("{FAE04EC0-301F-11D3-BF4B-00C04F79EFBC}") = "Assembly-CSharp-Editor", "Assembly-CSharp-Editor.csproj", "{E925E4D8-C129-A3E1-426A-60AB40FCB11A}"
EndProject
Global
	GlobalSection(SolutionConfigurationPlatforms) = preSolution
		Debug|Any CPU = Debug|Any CPU
		Release|Any CPU = Release|Any CPU
	EndGlobalSection
	GlobalSection(ProjectConfigurationPlatforms) = postSolution
		{945F8585-5557-1832-DE23-F08D858A1EB4}.Debug|Any CPU.ActiveCfg = Debug|Any CPU
		{945F8585-5557-1832-DE23-F08D858A1EB4}.Debug|Any CPU.Build.0 = Debug|Any CPU
		{945F8585-5557-1832-DE23-F08D858A1EB4}.Release|Any CPU.ActiveCfg = Release|Any CPU
		{945F8585-5557-1832-DE23-F08D858A1EB4}.Release|Any CPU.Build.0 = Release|Any CPU
		{E925E4D8-C129-A3E1-426A-60AB40FCB11A}.Debug|Any CPU.ActiveCfg = Debug|Any CPU
		{E925E4D8-C129-A3E1-426A-60AB40FCB11A}.Debug|Any CPU.Build.0 = Debug|Any CPU
		{E925E4D8-C129-A3E1-426A-60AB40FCB11A}.Release|Any CPU.ActiveCfg = Release|Any CPU
		{E925E4D8-C129-A3E1-426A-60AB40FCB11A}.Release|Any CPU.Build.0 = Release|Any CPU
	EndGlobalSection
	GlobalSection(SolutionProperties) = preSolution
		HideSolutionNode = FALSE
	EndGlobalSection
EndGlobal
